
Microsoft Visual Studio Solution File, Format Version 12.00
# Visual Studio Version 16
VisualStudioVersion = 16.0.30011.22
MinimumVisualStudioVersion = 10.0.40219.1
Project("{FAE04EC0-301F-11D3-BF4B-00C04F79EFBC}") = "Figuras", "Figuras.csproj", "{6EA171D2-39D3-4332-A3EC-7D6ABE9B203E}"
EndProject
Global
	GlobalSection(SolutionConfigurationPlatforms) = preSolution
		Debug|Any CPU = Debug|Any CPU
		Release|Any CPU = Release|Any CPU
	EndGlobalSection
	GlobalSection(ProjectConfigurationPlatforms) = postSolution
		{6EA171D2-39D3-4332-A3EC-7D6ABE9B203E}.Debug|Any CPU.ActiveCfg = Debug|Any CPU
		{6EA171D2-39D3-4332-A3EC-7D6ABE9B203E}.Debug|Any CPU.Build.0 = Debug|Any CPU
		{6EA171D2-39D3-4332-A3EC-7D6ABE9B203E}.Release|Any CPU.ActiveCfg = Release|Any CPU
		{6EA171D2-39D3-4332-A3EC-7D6ABE9B203E}.Release|Any CPU.Build.0 = Release|Any CPU
	EndGlobalSection
	GlobalSection(SolutionProperties) = preSolution
		HideSolutionNode = FALSE
	EndGlobalSection
	GlobalSection(ExtensibilityGlobals) = postSolution
		SolutionGuid = {757AC44B-BA60-489D-AFED-CDC46FB6C0A3}
	EndGlobalSection
EndGlobal
