
Microsoft Visual Studio Solution File, Format Version 12.00
# Visual Studio Version 16
VisualStudioVersion = 16.0.29926.136
MinimumVisualStudioVersion = 10.0.40219.1
Project("{FAE04EC0-301F-11D3-BF4B-00C04F79EFBC}") = "Duracion_Visual", "Duracion_Visual.csproj", "{EE688DB4-A400-49B1-8EEC-536ABAC054F4}"
EndProject
Global
	GlobalSection(SolutionConfigurationPlatforms) = preSolution
		Debug|Any CPU = Debug|Any CPU
		Release|Any CPU = Release|Any CPU
	EndGlobalSection
	GlobalSection(ProjectConfigurationPlatforms) = postSolution
		{EE688DB4-A400-49B1-8EEC-536ABAC054F4}.Debug|Any CPU.ActiveCfg = Debug|Any CPU
		{EE688DB4-A400-49B1-8EEC-536ABAC054F4}.Debug|Any CPU.Build.0 = Debug|Any CPU
		{EE688DB4-A400-49B1-8EEC-536ABAC054F4}.Release|Any CPU.ActiveCfg = Release|Any CPU
		{EE688DB4-A400-49B1-8EEC-536ABAC054F4}.Release|Any CPU.Build.0 = Release|Any CPU
	EndGlobalSection
	GlobalSection(SolutionProperties) = preSolution
		HideSolutionNode = FALSE
	EndGlobalSection
	GlobalSection(ExtensibilityGlobals) = postSolution
		SolutionGuid = {92BF4282-898A-4758-A660-BEA3DE2E6D46}
	EndGlobalSection
EndGlobal
