
Microsoft Visual Studio Solution File, Format Version 12.00
# Visual Studio Version 16
VisualStudioVersion = 16.0.29926.136
MinimumVisualStudioVersion = 10.0.40219.1
Project("{FAE04EC0-301F-11D3-BF4B-00C04F79EFBC}") = "Alumnos", "Alumnos.csproj", "{A4C9A658-F42C-4878-BDCC-BA44E215FCC3}"
EndProject
Global
	GlobalSection(SolutionConfigurationPlatforms) = preSolution
		Debug|Any CPU = Debug|Any CPU
		Release|Any CPU = Release|Any CPU
	EndGlobalSection
	GlobalSection(ProjectConfigurationPlatforms) = postSolution
		{A4C9A658-F42C-4878-BDCC-BA44E215FCC3}.Debug|Any CPU.ActiveCfg = Debug|Any CPU
		{A4C9A658-F42C-4878-BDCC-BA44E215FCC3}.Debug|Any CPU.Build.0 = Debug|Any CPU
		{A4C9A658-F42C-4878-BDCC-BA44E215FCC3}.Release|Any CPU.ActiveCfg = Release|Any CPU
		{A4C9A658-F42C-4878-BDCC-BA44E215FCC3}.Release|Any CPU.Build.0 = Release|Any CPU
	EndGlobalSection
	GlobalSection(SolutionProperties) = preSolution
		HideSolutionNode = FALSE
	EndGlobalSection
	GlobalSection(ExtensibilityGlobals) = postSolution
		SolutionGuid = {9BFD383D-DD9C-4A94-9951-5B221A9F13DD}
	EndGlobalSection
EndGlobal
